{
  "name": "nativescript-admob",
  "version": "2.0.1",
  "lockfileVersion": 1,
  "requires": true,
  "dependencies": {
    "tns-core-modules": {
      "version": "4.2.1",
      "resolved": "https://registry.npmjs.org/tns-core-modules/-/tns-core-modules-4.2.1.tgz",
      "integrity": "sha512-UH38lmVrdEJatc8l2q0p7WxWRhv6dXvkwY67cenSRl0FC4z7W/dih3fSlKp4yM9Uo0vu2RFsKRa9+UHyZR1YQA==",
      "dev": true,
      "requires": {
        "tns-core-modules-widgets": "4.2.1"
      }
    },
    "tns-core-modules-widgets": {
      "version": "4.2.1",
      "resolved": "https://registry.npmjs.org/tns-core-modules-widgets/-/tns-core-modules-widgets-4.2.1.tgz",
      "integrity": "sha512-ncy7D1oxuuX78sZL+MImxEZBYOUnxma7ZIkAsGRdyPjb7a/A/MoaIXmDLK+Ib2xw4Ul2qlCD1nvF56Q1Dy1m4Q==",
      "dev": true
    },
    "tns-platform-declarations": {
      "version": "4.2.1",
      "resolved": "https://registry.npmjs.org/tns-platform-declarations/-/tns-platform-declarations-4.2.1.tgz",
      "integrity": "sha512-v8HRkYQ24R/MoVPPb5swcGytICKgl8rdoC805yBAWZ7CoROUSFo9M+sfZXix9mvrrHXBFzJDy8kdGjaQ40gBoA==",
      "dev": true
    }
  }
}
