{
  "name": "nativescript-admob",
  "version": "3.2.0",
  "lockfileVersion": 1,
  "requires": true,
  "dependencies": {
    "tns-core-modules": {
      "version": "5.1.1",
      "resolved": "https://registry.npmjs.org/tns-core-modules/-/tns-core-modules-5.1.1.tgz",
      "integrity": "sha512-ztUxuOmqax4bA1pFucyzIjak65c7sYS+GE0c2xyXZQv5tZh2Y7G1UhKiSS00zk2kItCMbvDLdlB5/aeikykmKw==",
      "dev": true,
      "requires": {
        "tns-core-modules-widgets": "5.1.2",
        "tslib": "^1.9.3"
      }
    },
    "tns-core-modules-widgets": {
      "version": "5.1.2",
      "resolved": "https://registry.npmjs.org/tns-core-modules-widgets/-/tns-core-modules-widgets-5.1.2.tgz",
      "integrity": "sha512-Pga3hcC2nWsERG/817AEACoVww+RuYyoDJk6w+FK+drW9TnkFbz4zkT3R65mfvwbi29ncvN81EIPuUQsLEl4BQ==",
      "dev": true
    },
    "tns-platform-declarations": {
      "version": "5.1.1",
      "resolved": "https://registry.npmjs.org/tns-platform-declarations/-/tns-platform-declarations-5.1.1.tgz",
      "integrity": "sha512-oQpw4hrwYr3IKisSRjoxQUV6Ll5MXEIQQwz8xhyPT/eQtEv1R0peTbcE5ryOqvzx/LDiRyqgzOg6FRC+ItSFcA==",
      "dev": true
    },
    "tslib": {
      "version": "1.9.3",
      "resolved": "https://registry.npmjs.org/tslib/-/tslib-1.9.3.tgz",
      "integrity": "sha512-4krF8scpejhaOgqzBEcGM7yDIEfi0/8+8zDRZhNZZ2kjmHJ4hv3zCbQWxoJGz1iw5U0Jl0nma13xzHXcncMavQ==",
      "dev": true
    }
  }
}
